
Microsoft Visual Studio Solution File, Format Version 12.00
# Visual Studio Version 17
VisualStudioVersion = 17.4.33122.133
MinimumVisualStudioVersion = 10.0.40219.1
Project("{FAE04EC0-301F-11D3-BF4B-00C04F79EFBC}") = "GenericsPractice", "GenericsPractice\GenericsPractice.csproj", "{8A7AA0FD-1977-41B1-926C-121C76A168FB}"
EndProject
Global
	GlobalSection(SolutionConfigurationPlatforms) = preSolution
		Debug|Any CPU = Debug|Any CPU
		Release|Any CPU = Release|Any CPU
	EndGlobalSection
	GlobalSection(ProjectConfigurationPlatforms) = postSolution
		{8A7AA0FD-1977-41B1-926C-121C76A168FB}.Debug|Any CPU.ActiveCfg = Debug|Any CPU
		{8A7AA0FD-1977-41B1-926C-121C76A168FB}.Debug|Any CPU.Build.0 = Debug|Any CPU
		{8A7AA0FD-1977-41B1-926C-121C76A168FB}.Release|Any CPU.ActiveCfg = Release|Any CPU
		{8A7AA0FD-1977-41B1-926C-121C76A168FB}.Release|Any CPU.Build.0 = Release|Any CPU
	EndGlobalSection
	GlobalSection(SolutionProperties) = preSolution
		HideSolutionNode = FALSE
	EndGlobalSection
	GlobalSection(ExtensibilityGlobals) = postSolution
		SolutionGuid = {02DF8509-6947-489F-AE30-1AC0BDE4576A}
	EndGlobalSection
EndGlobal
